
Microsoft Visual Studio Solution File, Format Version 12.00
# Visual Studio Version 17
VisualStudioVersion = 17.7.34031.279
MinimumVisualStudioVersion = 10.0.40219.1
Project("{FAE04EC0-301F-11D3-BF4B-00C04F79EFBC}") = "Question_1", "Question_1.csproj", "{783446B4-4AB4-4675-8F1E-EF5774A4BE6A}"
EndProject
Project("{FAE04EC0-301F-11D3-BF4B-00C04F79EFBC}") = "Question_2", "..\Question_2\Question_2.csproj", "{C8AC910A-CADA-4870-9EF3-437E0F264A95}"
EndProject
Global
	GlobalSection(SolutionConfigurationPlatforms) = preSolution
		Debug|Any CPU = Debug|Any CPU
		Release|Any CPU = Release|Any CPU
	EndGlobalSection
	GlobalSection(ProjectConfigurationPlatforms) = postSolution
		{783446B4-4AB4-4675-8F1E-EF5774A4BE6A}.Debug|Any CPU.ActiveCfg = Debug|Any CPU
		{783446B4-4AB4-4675-8F1E-EF5774A4BE6A}.Debug|Any CPU.Build.0 = Debug|Any CPU
		{783446B4-4AB4-4675-8F1E-EF5774A4BE6A}.Release|Any CPU.ActiveCfg = Release|Any CPU
		{783446B4-4AB4-4675-8F1E-EF5774A4BE6A}.Release|Any CPU.Build.0 = Release|Any CPU
		{C8AC910A-CADA-4870-9EF3-437E0F264A95}.Debug|Any CPU.ActiveCfg = Debug|Any CPU
		{C8AC910A-CADA-4870-9EF3-437E0F264A95}.Debug|Any CPU.Build.0 = Debug|Any CPU
		{C8AC910A-CADA-4870-9EF3-437E0F264A95}.Release|Any CPU.ActiveCfg = Release|Any CPU
		{C8AC910A-CADA-4870-9EF3-437E0F264A95}.Release|Any CPU.Build.0 = Release|Any CPU
	EndGlobalSection
	GlobalSection(SolutionProperties) = preSolution
		HideSolutionNode = FALSE
	EndGlobalSection
	GlobalSection(ExtensibilityGlobals) = postSolution
		SolutionGuid = {39BD60DB-6995-4826-AC17-25A24C65C49A}
	EndGlobalSection
EndGlobal
