
Microsoft Visual Studio Solution File, Format Version 12.00
# Visual Studio Version 17
VisualStudioVersion = 17.7.34031.279
MinimumVisualStudioVersion = 10.0.40219.1
Project("{FAE04EC0-301F-11D3-BF4B-00C04F79EFBC}") = "PrajvalPatel_C0911611#Assignment5", "PrajvalPatel_C0911611#Assignment5.csproj", "{F8DC9763-4612-47C4-9837-1FBD2CE0FBB0}"
EndProject
Global
	GlobalSection(SolutionConfigurationPlatforms) = preSolution
		Debug|Any CPU = Debug|Any CPU
		Release|Any CPU = Release|Any CPU
	EndGlobalSection
	GlobalSection(ProjectConfigurationPlatforms) = postSolution
		{F8DC9763-4612-47C4-9837-1FBD2CE0FBB0}.Debug|Any CPU.ActiveCfg = Debug|Any CPU
		{F8DC9763-4612-47C4-9837-1FBD2CE0FBB0}.Debug|Any CPU.Build.0 = Debug|Any CPU
		{F8DC9763-4612-47C4-9837-1FBD2CE0FBB0}.Release|Any CPU.ActiveCfg = Release|Any CPU
		{F8DC9763-4612-47C4-9837-1FBD2CE0FBB0}.Release|Any CPU.Build.0 = Release|Any CPU
	EndGlobalSection
	GlobalSection(SolutionProperties) = preSolution
		HideSolutionNode = FALSE
	EndGlobalSection
	GlobalSection(ExtensibilityGlobals) = postSolution
		SolutionGuid = {57196415-682C-48B3-86E3-AD454D985C20}
	EndGlobalSection
EndGlobal
