
Microsoft Visual Studio Solution File, Format Version 12.00
# Visual Studio Version 17
VisualStudioVersion = 17.7.34031.279
MinimumVisualStudioVersion = 10.0.40219.1
Project("{FAE04EC0-301F-11D3-BF4B-00C04F79EFBC}") = "Question_1", "Question_1.csproj", "{A5A88AA2-7EE0-4343-9466-8BC7A5811D8E}"
EndProject
Project("{FAE04EC0-301F-11D3-BF4B-00C04F79EFBC}") = "Question_2", "..\Question_2\Question_2.csproj", "{BE6F61EC-7AB5-4AF4-9D66-DC85B3BC6D5A}"
EndProject
Project("{FAE04EC0-301F-11D3-BF4B-00C04F79EFBC}") = "Question_3", "..\Question_3\Question_3.csproj", "{4AFBFC4C-D939-4954-8E68-A5435485EC10}"
EndProject
Global
	GlobalSection(SolutionConfigurationPlatforms) = preSolution
		Debug|Any CPU = Debug|Any CPU
		Release|Any CPU = Release|Any CPU
	EndGlobalSection
	GlobalSection(ProjectConfigurationPlatforms) = postSolution
		{A5A88AA2-7EE0-4343-9466-8BC7A5811D8E}.Debug|Any CPU.ActiveCfg = Debug|Any CPU
		{A5A88AA2-7EE0-4343-9466-8BC7A5811D8E}.Debug|Any CPU.Build.0 = Debug|Any CPU
		{A5A88AA2-7EE0-4343-9466-8BC7A5811D8E}.Release|Any CPU.ActiveCfg = Release|Any CPU
		{A5A88AA2-7EE0-4343-9466-8BC7A5811D8E}.Release|Any CPU.Build.0 = Release|Any CPU
		{BE6F61EC-7AB5-4AF4-9D66-DC85B3BC6D5A}.Debug|Any CPU.ActiveCfg = Debug|Any CPU
		{BE6F61EC-7AB5-4AF4-9D66-DC85B3BC6D5A}.Debug|Any CPU.Build.0 = Debug|Any CPU
		{BE6F61EC-7AB5-4AF4-9D66-DC85B3BC6D5A}.Release|Any CPU.ActiveCfg = Release|Any CPU
		{BE6F61EC-7AB5-4AF4-9D66-DC85B3BC6D5A}.Release|Any CPU.Build.0 = Release|Any CPU
		{4AFBFC4C-D939-4954-8E68-A5435485EC10}.Debug|Any CPU.ActiveCfg = Debug|Any CPU
		{4AFBFC4C-D939-4954-8E68-A5435485EC10}.Debug|Any CPU.Build.0 = Debug|Any CPU
		{4AFBFC4C-D939-4954-8E68-A5435485EC10}.Release|Any CPU.ActiveCfg = Release|Any CPU
		{4AFBFC4C-D939-4954-8E68-A5435485EC10}.Release|Any CPU.Build.0 = Release|Any CPU
	EndGlobalSection
	GlobalSection(SolutionProperties) = preSolution
		HideSolutionNode = FALSE
	EndGlobalSection
	GlobalSection(ExtensibilityGlobals) = postSolution
		SolutionGuid = {EC784790-2235-4058-9AAC-C13891F541BC}
	EndGlobalSection
EndGlobal
